
Microsoft Visual Studio Solution File, Format Version 12.00
# Visual Studio Version 17
VisualStudioVersion = 17.7.34031.279
MinimumVisualStudioVersion = 10.0.40219.1
Project("{9A19103F-16F7-4668-BE54-9A1E7A4F7556}") = "Observer", "Observer.csproj", "{010CBA6E-9BCF-4B7F-BC49-C819EF154E3D}"
EndProject
Global
	GlobalSection(SolutionConfigurationPlatforms) = preSolution
		Debug|Any CPU = Debug|Any CPU
		Release|Any CPU = Release|Any CPU
	EndGlobalSection
	GlobalSection(ProjectConfigurationPlatforms) = postSolution
		{010CBA6E-9BCF-4B7F-BC49-C819EF154E3D}.Debug|Any CPU.ActiveCfg = Debug|Any CPU
		{010CBA6E-9BCF-4B7F-BC49-C819EF154E3D}.Debug|Any CPU.Build.0 = Debug|Any CPU
		{010CBA6E-9BCF-4B7F-BC49-C819EF154E3D}.Release|Any CPU.ActiveCfg = Release|Any CPU
		{010CBA6E-9BCF-4B7F-BC49-C819EF154E3D}.Release|Any CPU.Build.0 = Release|Any CPU
	EndGlobalSection
	GlobalSection(SolutionProperties) = preSolution
		HideSolutionNode = FALSE
	EndGlobalSection
	GlobalSection(ExtensibilityGlobals) = postSolution
		SolutionGuid = {4D7CA807-7AF2-4D4E-9B53-DD6B171E10E2}
	EndGlobalSection
EndGlobal
